// !$*UTF8*$!
{
	archiveVersion = 1;
	classes = {
	};
	objectVersion = 51;
	objects = {

/* Begin PBXBuildFile section */
		0B4AD6659152C9C0B3B9BEA3 /* Pods_FoodDeliveryApp.framework in Frameworks */ = {isa = PBXBuildFile; fileRef = 549FF7F9E1FF2E46DCCC4C77 /* Pods_FoodDeliveryApp.framework */; };
		5D30C483280F20F400A50548 /* CartViewController.swift in Sources */ = {isa = PBXBuildFile; fileRef = 5D30C482280F20F400A50548 /* CartViewController.swift */; };
		5D675E6326C7C59800A61918 /* FoodCollectionViewCell.swift in Sources */ = {isa = PBXBuildFile; fileRef = 5D675E6126C7C59800A61918 /* FoodCollectionViewCell.swift */; };
		5D675E6426C7C59800A61918 /* FoodCollectionViewCell.swift in Sources */ = {isa = PBXBuildFile; fileRef = 5D675E6126C7C59800A61918 /* FoodCollectionViewCell.swift */; };
		5D675E6526C7C59800A61918 /* FoodCollectionViewCell.xib in Resources */ = {isa = PBXBuildFile; fileRef = 5D675E6226C7C59800A61918 /* FoodCollectionViewCell.xib */; };
		5D675E6626C7C59800A61918 /* FoodCollectionViewCell.xib in Resources */ = {isa = PBXBuildFile; fileRef = 5D675E6226C7C59800A61918 /* FoodCollectionViewCell.xib */; };
		5D675E6826C7F7EE00A61918 /* CollectionViewModel.swift in Sources */ = {isa = PBXBuildFile; fileRef = 5D675E6726C7F7EE00A61918 /* CollectionViewModel.swift */; };
		5D675E6926C7F7EE00A61918 /* CollectionViewModel.swift in Sources */ = {isa = PBXBuildFile; fileRef = 5D675E6726C7F7EE00A61918 /* CollectionViewModel.swift */; };
		5D675E6B26C7F93900A61918 /* PizzaAPI.swift in Sources */ = {isa = PBXBuildFile; fileRef = 5D675E6A26C7F93900A61918 /* PizzaAPI.swift */; };
		5D675E6C26C7F93900A61918 /* PizzaAPI.swift in Sources */ = {isa = PBXBuildFile; fileRef = 5D675E6A26C7F93900A61918 /* PizzaAPI.swift */; };
		5D675E6E26C7F94D00A61918 /* SushiAPI.swift in Sources */ = {isa = PBXBuildFile; fileRef = 5D675E6D26C7F94D00A61918 /* SushiAPI.swift */; };
		5D675E6F26C7F94D00A61918 /* SushiAPI.swift in Sources */ = {isa = PBXBuildFile; fileRef = 5D675E6D26C7F94D00A61918 /* SushiAPI.swift */; };
		5D675E7126C7F95800A61918 /* DrinksAPI.swift in Sources */ = {isa = PBXBuildFile; fileRef = 5D675E7026C7F95800A61918 /* DrinksAPI.swift */; };
		5D675E7226C7F95800A61918 /* DrinksAPI.swift in Sources */ = {isa = PBXBuildFile; fileRef = 5D675E7026C7F95800A61918 /* DrinksAPI.swift */; };
		5D675E7426C7FDF300A61918 /* FoodsAPI.swift in Sources */ = {isa = PBXBuildFile; fileRef = 5D675E7326C7FDF300A61918 /* FoodsAPI.swift */; };
		5D675E7526C7FDF300A61918 /* FoodsAPI.swift in Sources */ = {isa = PBXBuildFile; fileRef = 5D675E7326C7FDF300A61918 /* FoodsAPI.swift */; };
		5D675E7826C7FF3B00A61918 /* FoodDashboardViewModel.swift in Sources */ = {isa = PBXBuildFile; fileRef = 5D675E7726C7FF3B00A61918 /* FoodDashboardViewModel.swift */; };
		5D675E7A26C8298500A61918 /* FoodsAPIResponse.swift in Sources */ = {isa = PBXBuildFile; fileRef = 5D675E7926C8298500A61918 /* FoodsAPIResponse.swift */; };
		5D675E7C26C8454300A61918 /* FloatingButton.swift in Sources */ = {isa = PBXBuildFile; fileRef = 5D675E7B26C8454300A61918 /* FloatingButton.swift */; };
		5D7A3B8626BF6EF300B6A98E /* AppDelegate.swift in Sources */ = {isa = PBXBuildFile; fileRef = 5D7A3B8526BF6EF300B6A98E /* AppDelegate.swift */; };
		5D7A3B8826BF6EF300B6A98E /* SceneDelegate.swift in Sources */ = {isa = PBXBuildFile; fileRef = 5D7A3B8726BF6EF300B6A98E /* SceneDelegate.swift */; };
		5D7A3B8A26BF6EF300B6A98E /* ViewController.swift in Sources */ = {isa = PBXBuildFile; fileRef = 5D7A3B8926BF6EF300B6A98E /* ViewController.swift */; };
		5D7A3B8D26BF6EF300B6A98E /* Main.storyboard in Resources */ = {isa = PBXBuildFile; fileRef = 5D7A3B8B26BF6EF300B6A98E /* Main.storyboard */; };
		5D7A3B8F26BF6EF400B6A98E /* Assets.xcassets in Resources */ = {isa = PBXBuildFile; fileRef = 5D7A3B8E26BF6EF400B6A98E /* Assets.xcassets */; };
		5D7A3B9226BF6EF400B6A98E /* LaunchScreen.storyboard in Resources */ = {isa = PBXBuildFile; fileRef = 5D7A3B9026BF6EF400B6A98E /* LaunchScreen.storyboard */; };
		5D7A3B9D26BF6EF400B6A98E /* FoodDeliveryAppTests.swift in Sources */ = {isa = PBXBuildFile; fileRef = 5D7A3B9C26BF6EF400B6A98E /* FoodDeliveryAppTests.swift */; };
		5D7A3BA826BF6EF400B6A98E /* FoodDeliveryAppUITests.swift in Sources */ = {isa = PBXBuildFile; fileRef = 5D7A3BA726BF6EF400B6A98E /* FoodDeliveryAppUITests.swift */; };
		5D94FFEE26C15FDE00B49C0A /* MockAPIResponse.json in Resources */ = {isa = PBXBuildFile; fileRef = 5D94FFED26C15FDE00B49C0A /* MockAPIResponse.json */; };
		5D94FFEF26C15FDE00B49C0A /* MockAPIResponse.json in Resources */ = {isa = PBXBuildFile; fileRef = 5D94FFED26C15FDE00B49C0A /* MockAPIResponse.json */; };
		5D94FFF426C160BB00B49C0A /* FoodInfoCell.swift in Sources */ = {isa = PBXBuildFile; fileRef = 5D94FFF326C160BB00B49C0A /* FoodInfoCell.swift */; };
		5D94FFF526C160BB00B49C0A /* FoodInfoCell.swift in Sources */ = {isa = PBXBuildFile; fileRef = 5D94FFF326C160BB00B49C0A /* FoodInfoCell.swift */; };
		5D94FFF726C1614500B49C0A /* HomeImageSliderView.swift in Sources */ = {isa = PBXBuildFile; fileRef = 5D94FFF626C1614500B49C0A /* HomeImageSliderView.swift */; };
		5D94FFF826C1614500B49C0A /* HomeImageSliderView.swift in Sources */ = {isa = PBXBuildFile; fileRef = 5D94FFF626C1614500B49C0A /* HomeImageSliderView.swift */; };
		5D94FFFA26C1619800B49C0A /* ViewController+Extension.swift in Sources */ = {isa = PBXBuildFile; fileRef = 5D94FFF926C1619800B49C0A /* ViewController+Extension.swift */; };
		5D94FFFB26C1619800B49C0A /* ViewController+Extension.swift in Sources */ = {isa = PBXBuildFile; fileRef = 5D94FFF926C1619800B49C0A /* ViewController+Extension.swift */; };
		5D94FFFE26C1622E00B49C0A /* CommonConstant.swift in Sources */ = {isa = PBXBuildFile; fileRef = 5D94FFFD26C1622E00B49C0A /* CommonConstant.swift */; };
		5D94FFFF26C1622E00B49C0A /* CommonConstant.swift in Sources */ = {isa = PBXBuildFile; fileRef = 5D94FFFD26C1622E00B49C0A /* CommonConstant.swift */; };
		67E050A00F7DBE68D5A818CD /* Pods_FoodDeliveryApp_FoodDeliveryAppUITests.framework in Frameworks */ = {isa = PBXBuildFile; fileRef = A62C17AD4C3F33F638D5BF5D /* Pods_FoodDeliveryApp_FoodDeliveryAppUITests.framework */; };
		A7213083313DB9DE8809C37B /* Pods_FoodDeliveryAppTests.framework in Frameworks */ = {isa = PBXBuildFile; fileRef = 7140A6674E62941AD868656D /* Pods_FoodDeliveryAppTests.framework */; };
/* End PBXBuildFile section */

/* Begin PBXContainerItemProxy section */
		5D7A3B9926BF6EF400B6A98E /* PBXContainerItemProxy */ = {
			isa = PBXContainerItemProxy;
			containerPortal = 5D7A3B7A26BF6EF300B6A98E /* Project object */;
			proxyType = 1;
			remoteGlobalIDString = 5D7A3B8126BF6EF300B6A98E;
			remoteInfo = FoodDeliveryApp;
		};
		5D7A3BA426BF6EF400B6A98E /* PBXContainerItemProxy */ = {
			isa = PBXContainerItemProxy;
			containerPortal = 5D7A3B7A26BF6EF300B6A98E /* Project object */;
			proxyType = 1;
			remoteGlobalIDString = 5D7A3B8126BF6EF300B6A98E;
			remoteInfo = FoodDeliveryApp;
		};
/* End PBXContainerItemProxy section */

/* Begin PBXFileReference section */
		3292B744025C3E1FB402E641 /* Pods-FoodDeliveryAppTests.release.xcconfig */ = {isa = PBXFileReference; includeInIndex = 1; lastKnownFileType = text.xcconfig; name = "Pods-FoodDeliveryAppTests.release.xcconfig"; path = "Target Support Files/Pods-FoodDeliveryAppTests/Pods-FoodDeliveryAppTests.release.xcconfig"; sourceTree = "<group>"; };
		549FF7F9E1FF2E46DCCC4C77 /* Pods_FoodDeliveryApp.framework */ = {isa = PBXFileReference; explicitFileType = wrapper.framework; includeInIndex = 0; path = Pods_FoodDeliveryApp.framework; sourceTree = BUILT_PRODUCTS_DIR; };
		576B64FF3AF96F7FB0F28FC3 /* Pods-FoodDeliveryApp.debug.xcconfig */ = {isa = PBXFileReference; includeInIndex = 1; lastKnownFileType = text.xcconfig; name = "Pods-FoodDeliveryApp.debug.xcconfig"; path = "Target Support Files/Pods-FoodDeliveryApp/Pods-FoodDeliveryApp.debug.xcconfig"; sourceTree = "<group>"; };
		5D30C482280F20F400A50548 /* CartViewController.swift */ = {isa = PBXFileReference; lastKnownFileType = sourcecode.swift; path = CartViewController.swift; sourceTree = "<group>"; };
		5D675E6126C7C59800A61918 /* FoodCollectionViewCell.swift */ = {isa = PBXFileReference; lastKnownFileType = sourcecode.swift; path = FoodCollectionViewCell.swift; sourceTree = "<group>"; };
		5D675E6226C7C59800A61918 /* FoodCollectionViewCell.xib */ = {isa = PBXFileReference; lastKnownFileType = file.xib; path = FoodCollectionViewCell.xib; sourceTree = "<group>"; };
		5D675E6726C7F7EE00A61918 /* CollectionViewModel.swift */ = {isa = PBXFileReference; lastKnownFileType = sourcecode.swift; path = CollectionViewModel.swift; sourceTree = "<group>"; };
		5D675E6A26C7F93900A61918 /* PizzaAPI.swift */ = {isa = PBXFileReference; lastKnownFileType = sourcecode.swift; path = PizzaAPI.swift; sourceTree = "<group>"; };
		5D675E6D26C7F94D00A61918 /* SushiAPI.swift */ = {isa = PBXFileReference; lastKnownFileType = sourcecode.swift; path = SushiAPI.swift; sourceTree = "<group>"; };
		5D675E7026C7F95800A61918 /* DrinksAPI.swift */ = {isa = PBXFileReference; lastKnownFileType = sourcecode.swift; path = DrinksAPI.swift; sourceTree = "<group>"; };
		5D675E7326C7FDF300A61918 /* FoodsAPI.swift */ = {isa = PBXFileReference; lastKnownFileType = sourcecode.swift; path = FoodsAPI.swift; sourceTree = "<group>"; };
		5D675E7726C7FF3B00A61918 /* FoodDashboardViewModel.swift */ = {isa = PBXFileReference; lastKnownFileType = sourcecode.swift; path = FoodDashboardViewModel.swift; sourceTree = "<group>"; };
		5D675E7926C8298500A61918 /* FoodsAPIResponse.swift */ = {isa = PBXFileReference; lastKnownFileType = sourcecode.swift; path = FoodsAPIResponse.swift; sourceTree = "<group>"; };
		5D675E7B26C8454300A61918 /* FloatingButton.swift */ = {isa = PBXFileReference; lastKnownFileType = sourcecode.swift; path = FloatingButton.swift; sourceTree = "<group>"; };
		5D7A3B8226BF6EF300B6A98E /* FoodDeliveryApp.app */ = {isa = PBXFileReference; explicitFileType = wrapper.application; includeInIndex = 0; path = FoodDeliveryApp.app; sourceTree = BUILT_PRODUCTS_DIR; };
		5D7A3B8526BF6EF300B6A98E /* AppDelegate.swift */ = {isa = PBXFileReference; lastKnownFileType = sourcecode.swift; path = AppDelegate.swift; sourceTree = "<group>"; };
		5D7A3B8726BF6EF300B6A98E /* SceneDelegate.swift */ = {isa = PBXFileReference; lastKnownFileType = sourcecode.swift; path = SceneDelegate.swift; sourceTree = "<group>"; };
		5D7A3B8926BF6EF300B6A98E /* ViewController.swift */ = {isa = PBXFileReference; lastKnownFileType = sourcecode.swift; path = ViewController.swift; sourceTree = "<group>"; };
		5D7A3B8C26BF6EF300B6A98E /* Base */ = {isa = PBXFileReference; lastKnownFileType = file.storyboard; name = Base; path = Base.lproj/Main.storyboard; sourceTree = "<group>"; };
		5D7A3B8E26BF6EF400B6A98E /* Assets.xcassets */ = {isa = PBXFileReference; lastKnownFileType = folder.assetcatalog; path = Assets.xcassets; sourceTree = "<group>"; };
		5D7A3B9126BF6EF400B6A98E /* Base */ = {isa = PBXFileReference; lastKnownFileType = file.storyboard; name = Base; path = Base.lproj/LaunchScreen.storyboard; sourceTree = "<group>"; };
		5D7A3B9326BF6EF400B6A98E /* Info.plist */ = {isa = PBXFileReference; lastKnownFileType = text.plist.xml; path = Info.plist; sourceTree = "<group>"; };
		5D7A3B9826BF6EF400B6A98E /* FoodDeliveryAppTests.xctest */ = {isa = PBXFileReference; explicitFileType = wrapper.cfbundle; includeInIndex = 0; path = FoodDeliveryAppTests.xctest; sourceTree = BUILT_PRODUCTS_DIR; };
		5D7A3B9C26BF6EF400B6A98E /* FoodDeliveryAppTests.swift */ = {isa = PBXFileReference; lastKnownFileType = sourcecode.swift; path = FoodDeliveryAppTests.swift; sourceTree = "<group>"; };
		5D7A3B9E26BF6EF400B6A98E /* Info.plist */ = {isa = PBXFileReference; lastKnownFileType = text.plist.xml; path = Info.plist; sourceTree = "<group>"; };
		5D7A3BA326BF6EF400B6A98E /* FoodDeliveryAppUITests.xctest */ = {isa = PBXFileReference; explicitFileType = wrapper.cfbundle; includeInIndex = 0; path = FoodDeliveryAppUITests.xctest; sourceTree = BUILT_PRODUCTS_DIR; };
		5D7A3BA726BF6EF400B6A98E /* FoodDeliveryAppUITests.swift */ = {isa = PBXFileReference; lastKnownFileType = sourcecode.swift; path = FoodDeliveryAppUITests.swift; sourceTree = "<group>"; };
		5D7A3BA926BF6EF400B6A98E /* Info.plist */ = {isa = PBXFileReference; lastKnownFileType = text.plist.xml; path = Info.plist; sourceTree = "<group>"; };
		5D94FFED26C15FDE00B49C0A /* MockAPIResponse.json */ = {isa = PBXFileReference; lastKnownFileType = text.json; path = MockAPIResponse.json; sourceTree = "<group>"; };
		5D94FFF326C160BB00B49C0A /* FoodInfoCell.swift */ = {isa = PBXFileReference; lastKnownFileType = sourcecode.swift; path = FoodInfoCell.swift; sourceTree = "<group>"; };
		5D94FFF626C1614500B49C0A /* HomeImageSliderView.swift */ = {isa = PBXFileReference; lastKnownFileType = sourcecode.swift; path = HomeImageSliderView.swift; sourceTree = "<group>"; };
		5D94FFF926C1619800B49C0A /* ViewController+Extension.swift */ = {isa = PBXFileReference; lastKnownFileType = sourcecode.swift; path = "ViewController+Extension.swift"; sourceTree = "<group>"; };
		5D94FFFD26C1622E00B49C0A /* CommonConstant.swift */ = {isa = PBXFileReference; lastKnownFileType = sourcecode.swift; path = CommonConstant.swift; sourceTree = "<group>"; };
		7140A6674E62941AD868656D /* Pods_FoodDeliveryAppTests.framework */ = {isa = PBXFileReference; explicitFileType = wrapper.framework; includeInIndex = 0; path = Pods_FoodDeliveryAppTests.framework; sourceTree = BUILT_PRODUCTS_DIR; };
		9ACBCB145092487FB37E05FE /* Pods-FoodDeliveryApp.release.xcconfig */ = {isa = PBXFileReference; includeInIndex = 1; lastKnownFileType = text.xcconfig; name = "Pods-FoodDeliveryApp.release.xcconfig"; path = "Target Support Files/Pods-FoodDeliveryApp/Pods-FoodDeliveryApp.release.xcconfig"; sourceTree = "<group>"; };
		A62C17AD4C3F33F638D5BF5D /* Pods_FoodDeliveryApp_FoodDeliveryAppUITests.framework */ = {isa = PBXFileReference; explicitFileType = wrapper.framework; includeInIndex = 0; path = Pods_FoodDeliveryApp_FoodDeliveryAppUITests.framework; sourceTree = BUILT_PRODUCTS_DIR; };
		A71A1B66AF92AA4EA1852540 /* Pods-FoodDeliveryApp-FoodDeliveryAppUITests.release.xcconfig */ = {isa = PBXFileReference; includeInIndex = 1; lastKnownFileType = text.xcconfig; name = "Pods-FoodDeliveryApp-FoodDeliveryAppUITests.release.xcconfig"; path = "Target Support Files/Pods-FoodDeliveryApp-FoodDeliveryAppUITests/Pods-FoodDeliveryApp-FoodDeliveryAppUITests.release.xcconfig"; sourceTree = "<group>"; };
		FF4E4B0E8354108819C83CED /* Pods-FoodDeliveryApp-FoodDeliveryAppUITests.debug.xcconfig */ = {isa = PBXFileReference; includeInIndex = 1; lastKnownFileType = text.xcconfig; name = "Pods-FoodDeliveryApp-FoodDeliveryAppUITests.debug.xcconfig"; path = "Target Support Files/Pods-FoodDeliveryApp-FoodDeliveryAppUITests/Pods-FoodDeliveryApp-FoodDeliveryAppUITests.debug.xcconfig"; sourceTree = "<group>"; };
		FFC1F8D349F12A998280CDFA /* Pods-FoodDeliveryAppTests.debug.xcconfig */ = {isa = PBXFileReference; includeInIndex = 1; lastKnownFileType = text.xcconfig; name = "Pods-FoodDeliveryAppTests.debug.xcconfig"; path = "Target Support Files/Pods-FoodDeliveryAppTests/Pods-FoodDeliveryAppTests.debug.xcconfig"; sourceTree = "<group>"; };
/* End PBXFileReference section */

/* Begin PBXFrameworksBuildPhase section */
		5D7A3B7F26BF6EF300B6A98E /* Frameworks */ = {
			isa = PBXFrameworksBuildPhase;
			buildActionMask = 2147483647;
			files = (
				0B4AD6659152C9C0B3B9BEA3 /* Pods_FoodDeliveryApp.framework in Frameworks */,
			);
			runOnlyForDeploymentPostprocessing = 0;
		};
		5D7A3B9526BF6EF400B6A98E /* Frameworks */ = {
			isa = PBXFrameworksBuildPhase;
			buildActionMask = 2147483647;
			files = (
				A7213083313DB9DE8809C37B /* Pods_FoodDeliveryAppTests.framework in Frameworks */,
			);
			runOnlyForDeploymentPostprocessing = 0;
		};
		5D7A3BA026BF6EF400B6A98E /* Frameworks */ = {
			isa = PBXFrameworksBuildPhase;
			buildActionMask = 2147483647;
			files = (
				67E050A00F7DBE68D5A818CD /* Pods_FoodDeliveryApp_FoodDeliveryAppUITests.framework in Frameworks */,
			);
			runOnlyForDeploymentPostprocessing = 0;
		};
/* End PBXFrameworksBuildPhase section */

/* Begin PBXGroup section */
		5D675E7626C7FF1F00A61918 /* APIManager */ = {
			isa = PBXGroup;
			children = (
				5D675E6A26C7F93900A61918 /* PizzaAPI.swift */,
				5D675E6D26C7F94D00A61918 /* SushiAPI.swift */,
				5D675E7026C7F95800A61918 /* DrinksAPI.swift */,
				5D675E7326C7FDF300A61918 /* FoodsAPI.swift */,
			);
			path = APIManager;
			sourceTree = "<group>";
		};
		5D7A3B7926BF6EF300B6A98E = {
			isa = PBXGroup;
			children = (
				5D7A3B8426BF6EF300B6A98E /* FoodDeliveryApp */,
				5D7A3B9B26BF6EF400B6A98E /* FoodDeliveryAppTests */,
				5D7A3BA626BF6EF400B6A98E /* FoodDeliveryAppUITests */,
				5D7A3B8326BF6EF300B6A98E /* Products */,
				B763A8A9D18AB52EB4DEBEF4 /* Pods */,
				784270D1A5A9A3C68BD18A29 /* Frameworks */,
			);
			sourceTree = "<group>";
		};
		5D7A3B8326BF6EF300B6A98E /* Products */ = {
			isa = PBXGroup;
			children = (
				5D7A3B8226BF6EF300B6A98E /* FoodDeliveryApp.app */,
				5D7A3B9826BF6EF400B6A98E /* FoodDeliveryAppTests.xctest */,
				5D7A3BA326BF6EF400B6A98E /* FoodDeliveryAppUITests.xctest */,
			);
			name = Products;
			sourceTree = "<group>";
		};
		5D7A3B8426BF6EF300B6A98E /* FoodDeliveryApp */ = {
			isa = PBXGroup;
			children = (
				5D94000026C1634800B49C0A /* Services */,
				5D94FFFC26C1621A00B49C0A /* Utils */,
				5D94FFF226C1601300B49C0A /* Model */,
				5D94FFF126C1600D00B49C0A /* View */,
				5D94FFF026C1600300B49C0A /* ViewModel */,
				5D94FFEC26C15FAB00B49C0A /* Resources */,
				5D7A3B8526BF6EF300B6A98E /* AppDelegate.swift */,
				5D7A3B8726BF6EF300B6A98E /* SceneDelegate.swift */,
				5D7A3B8926BF6EF300B6A98E /* ViewController.swift */,
				5D7A3B8B26BF6EF300B6A98E /* Main.storyboard */,
				5D7A3B8E26BF6EF400B6A98E /* Assets.xcassets */,
				5D7A3B9026BF6EF400B6A98E /* LaunchScreen.storyboard */,
				5D7A3B9326BF6EF400B6A98E /* Info.plist */,
				5D30C482280F20F400A50548 /* CartViewController.swift */,
			);
			path = FoodDeliveryApp;
			sourceTree = "<group>";
		};
		5D7A3B9B26BF6EF400B6A98E /* FoodDeliveryAppTests */ = {
			isa = PBXGroup;
			children = (
				5D7A3B9C26BF6EF400B6A98E /* FoodDeliveryAppTests.swift */,
				5D7A3B9E26BF6EF400B6A98E /* Info.plist */,
			);
			path = FoodDeliveryAppTests;
			sourceTree = "<group>";
		};
		5D7A3BA626BF6EF400B6A98E /* FoodDeliveryAppUITests */ = {
			isa = PBXGroup;
			children = (
				5D7A3BA726BF6EF400B6A98E /* FoodDeliveryAppUITests.swift */,
				5D7A3BA926BF6EF400B6A98E /* Info.plist */,
			);
			path = FoodDeliveryAppUITests;
			sourceTree = "<group>";
		};
		5D94000026C1634800B49C0A /* Services */ = {
			isa = PBXGroup;
			children = (
			);
			path = Services;
			sourceTree = "<group>";
		};
		5D94FFEC26C15FAB00B49C0A /* Resources */ = {
			isa = PBXGroup;
			children = (
				5D94FFED26C15FDE00B49C0A /* MockAPIResponse.json */,
			);
			path = Resources;
			sourceTree = "<group>";
		};
		5D94FFF026C1600300B49C0A /* ViewModel */ = {
			isa = PBXGroup;
			children = (
				5D675E7626C7FF1F00A61918 /* APIManager */,
				5D675E7726C7FF3B00A61918 /* FoodDashboardViewModel.swift */,
			);
			path = ViewModel;
			sourceTree = "<group>";
		};
		5D94FFF126C1600D00B49C0A /* View */ = {
			isa = PBXGroup;
			children = (
				5D94FFF326C160BB00B49C0A /* FoodInfoCell.swift */,
				5D94FFF626C1614500B49C0A /* HomeImageSliderView.swift */,
				5D94FFF926C1619800B49C0A /* ViewController+Extension.swift */,
				5D675E6126C7C59800A61918 /* FoodCollectionViewCell.swift */,
				5D675E6226C7C59800A61918 /* FoodCollectionViewCell.xib */,
				5D675E7B26C8454300A61918 /* FloatingButton.swift */,
			);
			path = View;
			sourceTree = "<group>";
		};
		5D94FFF226C1601300B49C0A /* Model */ = {
			isa = PBXGroup;
			children = (
				5D675E6726C7F7EE00A61918 /* CollectionViewModel.swift */,
				5D675E7926C8298500A61918 /* FoodsAPIResponse.swift */,
			);
			path = Model;
			sourceTree = "<group>";
		};
		5D94FFFC26C1621A00B49C0A /* Utils */ = {
			isa = PBXGroup;
			children = (
				5D94FFFD26C1622E00B49C0A /* CommonConstant.swift */,
			);
			path = Utils;
			sourceTree = "<group>";
		};
		784270D1A5A9A3C68BD18A29 /* Frameworks */ = {
			isa = PBXGroup;
			children = (
				549FF7F9E1FF2E46DCCC4C77 /* Pods_FoodDeliveryApp.framework */,
				A62C17AD4C3F33F638D5BF5D /* Pods_FoodDeliveryApp_FoodDeliveryAppUITests.framework */,
				7140A6674E62941AD868656D /* Pods_FoodDeliveryAppTests.framework */,
			);
			name = Frameworks;
			sourceTree = "<group>";
		};
		B763A8A9D18AB52EB4DEBEF4 /* Pods */ = {
			isa = PBXGroup;
			children = (
				576B64FF3AF96F7FB0F28FC3 /* Pods-FoodDeliveryApp.debug.xcconfig */,
				9ACBCB145092487FB37E05FE /* Pods-FoodDeliveryApp.release.xcconfig */,
				FF4E4B0E8354108819C83CED /* Pods-FoodDeliveryApp-FoodDeliveryAppUITests.debug.xcconfig */,
				A71A1B66AF92AA4EA1852540 /* Pods-FoodDeliveryApp-FoodDeliveryAppUITests.release.xcconfig */,
				FFC1F8D349F12A998280CDFA /* Pods-FoodDeliveryAppTests.debug.xcconfig */,
				3292B744025C3E1FB402E641 /* Pods-FoodDeliveryAppTests.release.xcconfig */,
			);
			path = Pods;
			sourceTree = "<group>";
		};
/* End PBXGroup section */

/* Begin PBXNativeTarget section */
		5D7A3B8126BF6EF300B6A98E /* FoodDeliveryApp */ = {
			isa = PBXNativeTarget;
			buildConfigurationList = 5D7A3BAC26BF6EF400B6A98E /* Build configuration list for PBXNativeTarget "FoodDeliveryApp" */;
			buildPhases = (
				0A9D367EF3C564DCFBAE260A /* [CP] Check Pods Manifest.lock */,
				5D7A3B7E26BF6EF300B6A98E /* Sources */,
				5D7A3B7F26BF6EF300B6A98E /* Frameworks */,
				5D7A3B8026BF6EF300B6A98E /* Resources */,
				9620F889D06F14674C6FC50B /* [CP] Embed Pods Frameworks */,
			);
			buildRules = (
			);
			dependencies = (
			);
			name = FoodDeliveryApp;
			productName = FoodDeliveryApp;
			productReference = 5D7A3B8226BF6EF300B6A98E /* FoodDeliveryApp.app */;
			productType = "com.apple.product-type.application";
		};
		5D7A3B9726BF6EF400B6A98E /* FoodDeliveryAppTests */ = {
			isa = PBXNativeTarget;
			buildConfigurationList = 5D7A3BAF26BF6EF400B6A98E /* Build configuration list for PBXNativeTarget "FoodDeliveryAppTests" */;
			buildPhases = (
				FE931D8EFBB5BF348DAE341D /* [CP] Check Pods Manifest.lock */,
				5D7A3B9426BF6EF400B6A98E /* Sources */,
				5D7A3B9526BF6EF400B6A98E /* Frameworks */,
				5D7A3B9626BF6EF400B6A98E /* Resources */,
			);
			buildRules = (
			);
			dependencies = (
				5D7A3B9A26BF6EF400B6A98E /* PBXTargetDependency */,
			);
			name = FoodDeliveryAppTests;
			productName = FoodDeliveryAppTests;
			productReference = 5D7A3B9826BF6EF400B6A98E /* FoodDeliveryAppTests.xctest */;
			productType = "com.apple.product-type.bundle.unit-test";
		};
		5D7A3BA226BF6EF400B6A98E /* FoodDeliveryAppUITests */ = {
			isa = PBXNativeTarget;
			buildConfigurationList = 5D7A3BB226BF6EF400B6A98E /* Build configuration list for PBXNativeTarget "FoodDeliveryAppUITests" */;
			buildPhases = (
				20C79FCA0DBA03A0BB91B60B /* [CP] Check Pods Manifest.lock */,
				5D7A3B9F26BF6EF400B6A98E /* Sources */,
				5D7A3BA026BF6EF400B6A98E /* Frameworks */,
				5D7A3BA126BF6EF400B6A98E /* Resources */,
				B03B1AEB273AC963C6EDC42E /* [CP] Embed Pods Frameworks */,
			);
			buildRules = (
			);
			dependencies = (
				5D7A3BA526BF6EF400B6A98E /* PBXTargetDependency */,
			);
			name = FoodDeliveryAppUITests;
			productName = FoodDeliveryAppUITests;
			productReference = 5D7A3BA326BF6EF400B6A98E /* FoodDeliveryAppUITests.xctest */;
			productType = "com.apple.product-type.bundle.ui-testing";
		};
/* End PBXNativeTarget section */

/* Begin PBXProject section */
		5D7A3B7A26BF6EF300B6A98E /* Project object */ = {
			isa = PBXProject;
			attributes = {
				LastSwiftUpdateCheck = 1250;
				LastUpgradeCheck = 1250;
				TargetAttributes = {
					5D7A3B8126BF6EF300B6A98E = {
						CreatedOnToolsVersion = 12.5;
					};
					5D7A3B9726BF6EF400B6A98E = {
						CreatedOnToolsVersion = 12.5;
						TestTargetID = 5D7A3B8126BF6EF300B6A98E;
					};
					5D7A3BA226BF6EF400B6A98E = {
						CreatedOnToolsVersion = 12.5;
						TestTargetID = 5D7A3B8126BF6EF300B6A98E;
					};
				};
			};
			buildConfigurationList = 5D7A3B7D26BF6EF300B6A98E /* Build configuration list for PBXProject "FoodDeliveryApp" */;
			compatibilityVersion = "Xcode 9.3";
			developmentRegion = en;
			hasScannedForEncodings = 0;
			knownRegions = (
				en,
				Base,
			);
			mainGroup = 5D7A3B7926BF6EF300B6A98E;
			productRefGroup = 5D7A3B8326BF6EF300B6A98E /* Products */;
			projectDirPath = "";
			projectRoot = "";
			targets = (
				5D7A3B8126BF6EF300B6A98E /* FoodDeliveryApp */,
				5D7A3B9726BF6EF400B6A98E /* FoodDeliveryAppTests */,
				5D7A3BA226BF6EF400B6A98E /* FoodDeliveryAppUITests */,
			);
		};
/* End PBXProject section */

/* Begin PBXResourcesBuildPhase section */
		5D7A3B8026BF6EF300B6A98E /* Resources */ = {
			isa = PBXResourcesBuildPhase;
			buildActionMask = 2147483647;
			files = (
				5D7A3B9226BF6EF400B6A98E /* LaunchScreen.storyboard in Resources */,
				5D7A3B8F26BF6EF400B6A98E /* Assets.xcassets in Resources */,
				5D7A3B8D26BF6EF300B6A98E /* Main.storyboard in Resources */,
				5D675E6526C7C59800A61918 /* FoodCollectionViewCell.xib in Resources */,
				5D94FFEE26C15FDE00B49C0A /* MockAPIResponse.json in Resources */,
			);
			runOnlyForDeploymentPostprocessing = 0;
		};
		5D7A3B9626BF6EF400B6A98E /* Resources */ = {
			isa = PBXResourcesBuildPhase;
			buildActionMask = 2147483647;
			files = (
				5D675E6626C7C59800A61918 /* FoodCollectionViewCell.xib in Resources */,
				5D94FFEF26C15FDE00B49C0A /* MockAPIResponse.json in Resources */,
			);
			runOnlyForDeploymentPostprocessing = 0;
		};
		5D7A3BA126BF6EF400B6A98E /* Resources */ = {
			isa = PBXResourcesBuildPhase;
			buildActionMask = 2147483647;
			files = (
			);
			runOnlyForDeploymentPostprocessing = 0;
		};
/* End PBXResourcesBuildPhase section */

/* Begin PBXShellScriptBuildPhase section */
		0A9D367EF3C564DCFBAE260A /* [CP] Check Pods Manifest.lock */ = {
			isa = PBXShellScriptBuildPhase;
			buildActionMask = 2147483647;
			files = (
			);
			inputFileListPaths = (
			);
			inputPaths = (
				"${PODS_PODFILE_DIR_PATH}/Podfile.lock",
				"${PODS_ROOT}/Manifest.lock",
			);
			name = "[CP] Check Pods Manifest.lock";
			outputFileListPaths = (
			);
			outputPaths = (
				"$(DERIVED_FILE_DIR)/Pods-FoodDeliveryApp-checkManifestLockResult.txt",
			);
			runOnlyForDeploymentPostprocessing = 0;
			shellPath = /bin/sh;
			shellScript = "diff \"${PODS_PODFILE_DIR_PATH}/Podfile.lock\" \"${PODS_ROOT}/Manifest.lock\" > /dev/null\nif [ $? != 0 ] ; then\n    # print error to STDERR\n    echo \"error: The sandbox is not in sync with the Podfile.lock. Run 'pod install' or update your CocoaPods installation.\" >&2\n    exit 1\nfi\n# This output is used by Xcode 'outputs' to avoid re-running this script phase.\necho \"SUCCESS\" > \"${SCRIPT_OUTPUT_FILE_0}\"\n";
			showEnvVarsInLog = 0;
		};
		20C79FCA0DBA03A0BB91B60B /* [CP] Check Pods Manifest.lock */ = {
			isa = PBXShellScriptBuildPhase;
			buildActionMask = 2147483647;
			files = (
			);
			inputFileListPaths = (
			);
			inputPaths = (
				"${PODS_PODFILE_DIR_PATH}/Podfile.lock",
				"${PODS_ROOT}/Manifest.lock",
			);
			name = "[CP] Check Pods Manifest.lock";
			outputFileListPaths = (
			);
			outputPaths = (
				"$(DERIVED_FILE_DIR)/Pods-FoodDeliveryApp-FoodDeliveryAppUITests-checkManifestLockResult.txt",
			);
			runOnlyForDeploymentPostprocessing = 0;
			shellPath = /bin/sh;
			shellScript = "diff \"${PODS_PODFILE_DIR_PATH}/Podfile.lock\" \"${PODS_ROOT}/Manifest.lock\" > /dev/null\nif [ $? != 0 ] ; then\n    # print error to STDERR\n    echo \"error: The sandbox is not in sync with the Podfile.lock. Run 'pod install' or update your CocoaPods installation.\" >&2\n    exit 1\nfi\n# This output is used by Xcode 'outputs' to avoid re-running this script phase.\necho \"SUCCESS\" > \"${SCRIPT_OUTPUT_FILE_0}\"\n";
			showEnvVarsInLog = 0;
		};
		9620F889D06F14674C6FC50B /* [CP] Embed Pods Frameworks */ = {
			isa = PBXShellScriptBuildPhase;
			buildActionMask = 2147483647;
			files = (
			);
			inputFileListPaths = (
				"${PODS_ROOT}/Target Support Files/Pods-FoodDeliveryApp/Pods-FoodDeliveryApp-frameworks-${CONFIGURATION}-input-files.xcfilelist",
			);
			name = "[CP] Embed Pods Frameworks";
			outputFileListPaths = (
				"${PODS_ROOT}/Target Support Files/Pods-FoodDeliveryApp/Pods-FoodDeliveryApp-frameworks-${CONFIGURATION}-output-files.xcfilelist",
			);
			runOnlyForDeploymentPostprocessing = 0;
			shellPath = /bin/sh;
			shellScript = "\"${PODS_ROOT}/Target Support Files/Pods-FoodDeliveryApp/Pods-FoodDeliveryApp-frameworks.sh\"\n";
			showEnvVarsInLog = 0;
		};
		B03B1AEB273AC963C6EDC42E /* [CP] Embed Pods Frameworks */ = {
			isa = PBXShellScriptBuildPhase;
			buildActionMask = 2147483647;
			files = (
			);
			inputFileListPaths = (
				"${PODS_ROOT}/Target Support Files/Pods-FoodDeliveryApp-FoodDeliveryAppUITests/Pods-FoodDeliveryApp-FoodDeliveryAppUITests-frameworks-${CONFIGURATION}-input-files.xcfilelist",
			);
			name = "[CP] Embed Pods Frameworks";
			outputFileListPaths = (
				"${PODS_ROOT}/Target Support Files/Pods-FoodDeliveryApp-FoodDeliveryAppUITests/Pods-FoodDeliveryApp-FoodDeliveryAppUITests-frameworks-${CONFIGURATION}-output-files.xcfilelist",
			);
			runOnlyForDeploymentPostprocessing = 0;
			shellPath = /bin/sh;
			shellScript = "\"${PODS_ROOT}/Target Support Files/Pods-FoodDeliveryApp-FoodDeliveryAppUITests/Pods-FoodDeliveryApp-FoodDeliveryAppUITests-frameworks.sh\"\n";
			showEnvVarsInLog = 0;
		};
		FE931D8EFBB5BF348DAE341D /* [CP] Check Pods Manifest.lock */ = {
			isa = PBXShellScriptBuildPhase;
			buildActionMask = 2147483647;
			files = (
			);
			inputFileListPaths = (
			);
			inputPaths = (
				"${PODS_PODFILE_DIR_PATH}/Podfile.lock",
				"${PODS_ROOT}/Manifest.lock",
			);
			name = "[CP] Check Pods Manifest.lock";
			outputFileListPaths = (
			);
			outputPaths = (
				"$(DERIVED_FILE_DIR)/Pods-FoodDeliveryAppTests-checkManifestLockResult.txt",
			);
			runOnlyForDeploymentPostprocessing = 0;
			shellPath = /bin/sh;
			shellScript = "diff \"${PODS_PODFILE_DIR_PATH}/Podfile.lock\" \"${PODS_ROOT}/Manifest.lock\" > /dev/null\nif [ $? != 0 ] ; then\n    # print error to STDERR\n    echo \"error: The sandbox is not in sync with the Podfile.lock. Run 'pod install' or update your CocoaPods installation.\" >&2\n    exit 1\nfi\n# This output is used by Xcode 'outputs' to avoid re-running this script phase.\necho \"SUCCESS\" > \"${SCRIPT_OUTPUT_FILE_0}\"\n";
			showEnvVarsInLog = 0;
		};
/* End PBXShellScriptBuildPhase section */

/* Begin PBXSourcesBuildPhase section */
		5D7A3B7E26BF6EF300B6A98E /* Sources */ = {
			isa = PBXSourcesBuildPhase;
			buildActionMask = 2147483647;
			files = (
				5D7A3B8A26BF6EF300B6A98E /* ViewController.swift in Sources */,
				5D94FFF426C160BB00B49C0A /* FoodInfoCell.swift in Sources */,
				5D675E6E26C7F94D00A61918 /* SushiAPI.swift in Sources */,
				5D675E7826C7FF3B00A61918 /* FoodDashboardViewModel.swift in Sources */,
				5D94FFFA26C1619800B49C0A /* ViewController+Extension.swift in Sources */,
				5D7A3B8626BF6EF300B6A98E /* AppDelegate.swift in Sources */,
				5D675E7426C7FDF300A61918 /* FoodsAPI.swift in Sources */,
				5D94FFF726C1614500B49C0A /* HomeImageSliderView.swift in Sources */,
				5D7A3B8826BF6EF300B6A98E /* SceneDelegate.swift in Sources */,
				5D675E7126C7F95800A61918 /* DrinksAPI.swift in Sources */,
				5D675E6826C7F7EE00A61918 /* CollectionViewModel.swift in Sources */,
				5D675E7A26C8298500A61918 /* FoodsAPIResponse.swift in Sources */,
				5D675E6B26C7F93900A61918 /* PizzaAPI.swift in Sources */,
				5D30C483280F20F400A50548 /* CartViewController.swift in Sources */,
				5D675E6326C7C59800A61918 /* FoodCollectionViewCell.swift in Sources */,
				5D94FFFE26C1622E00B49C0A /* CommonConstant.swift in Sources */,
				5D675E7C26C8454300A61918 /* FloatingButton.swift in Sources */,
			);
			runOnlyForDeploymentPostprocessing = 0;
		};
		5D7A3B9426BF6EF400B6A98E /* Sources */ = {
			isa = PBXSourcesBuildPhase;
			buildActionMask = 2147483647;
			files = (
				5D94FFFB26C1619800B49C0A /* ViewController+Extension.swift in Sources */,
				5D675E6C26C7F93900A61918 /* PizzaAPI.swift in Sources */,
				5D675E7526C7FDF300A61918 /* FoodsAPI.swift in Sources */,
				5D7A3B9D26BF6EF400B6A98E /* FoodDeliveryAppTests.swift in Sources */,
				5D675E6926C7F7EE00A61918 /* CollectionViewModel.swift in Sources */,
				5D675E6F26C7F94D00A61918 /* SushiAPI.swift in Sources */,
				5D94FFFF26C1622E00B49C0A /* CommonConstant.swift in Sources */,
				5D94FFF526C160BB00B49C0A /* FoodInfoCell.swift in Sources */,
				5D675E6426C7C59800A61918 /* FoodCollectionViewCell.swift in Sources */,
				5D94FFF826C1614500B49C0A /* HomeImageSliderView.swift in Sources */,
				5D675E7226C7F95800A61918 /* DrinksAPI.swift in Sources */,
			);
			runOnlyForDeploymentPostprocessing = 0;
		};
		5D7A3B9F26BF6EF400B6A98E /* Sources */ = {
			isa = PBXSourcesBuildPhase;
			buildActionMask = 2147483647;
			files = (
				5D7A3BA826BF6EF400B6A98E /* FoodDeliveryAppUITests.swift in Sources */,
			);
			runOnlyForDeploymentPostprocessing = 0;
		};
/* End PBXSourcesBuildPhase section */

/* Begin PBXTargetDependency section */
		5D7A3B9A26BF6EF400B6A98E /* PBXTargetDependency */ = {
			isa = PBXTargetDependency;
			target = 5D7A3B8126BF6EF300B6A98E /* FoodDeliveryApp */;
			targetProxy = 5D7A3B9926BF6EF400B6A98E /* PBXContainerItemProxy */;
		};
		5D7A3BA526BF6EF400B6A98E /* PBXTargetDependency */ = {
			isa = PBXTargetDependency;
			target = 5D7A3B8126BF6EF300B6A98E /* FoodDeliveryApp */;
			targetProxy = 5D7A3BA426BF6EF400B6A98E /* PBXContainerItemProxy */;
		};
/* End PBXTargetDependency section */

/* Begin PBXVariantGroup section */
		5D7A3B8B26BF6EF300B6A98E /* Main.storyboard */ = {
			isa = PBXVariantGroup;
			children = (
				5D7A3B8C26BF6EF300B6A98E /* Base */,
			);
			name = Main.storyboard;
			sourceTree = "<group>";
		};
		5D7A3B9026BF6EF400B6A98E /* LaunchScreen.storyboard */ = {
			isa = PBXVariantGroup;
			children = (
				5D7A3B9126BF6EF400B6A98E /* Base */,
			);
			name = LaunchScreen.storyboard;
			sourceTree = "<group>";
		};
/* End PBXVariantGroup section */

/* Begin XCBuildConfiguration section */
		5D7A3BAA26BF6EF400B6A98E /* Debug */ = {
			isa = XCBuildConfiguration;
			buildSettings = {
				ALWAYS_SEARCH_USER_PATHS = NO;
				CLANG_ANALYZER_NONNULL = YES;
				CLANG_ANALYZER_NUMBER_OBJECT_CONVERSION = YES_AGGRESSIVE;
				CLANG_CXX_LANGUAGE_STANDARD = "gnu++14";
				CLANG_CXX_LIBRARY = "libc++";
				CLANG_ENABLE_MODULES = YES;
				CLANG_ENABLE_OBJC_ARC = YES;
				CLANG_ENABLE_OBJC_WEAK = YES;
				CLANG_WARN_BLOCK_CAPTURE_AUTORELEASING = YES;
				CLANG_WARN_BOOL_CONVERSION = YES;
				CLANG_WARN_COMMA = YES;
				CLANG_WARN_CONSTANT_CONVERSION = YES;
				CLANG_WARN_DEPRECATED_OBJC_IMPLEMENTATIONS = YES;
				CLANG_WARN_DIRECT_OBJC_ISA_USAGE = YES_ERROR;
				CLANG_WARN_DOCUMENTATION_COMMENTS = YES;
				CLANG_WARN_EMPTY_BODY = YES;
				CLANG_WARN_ENUM_CONVERSION = YES;
				CLANG_WARN_INFINITE_RECURSION = YES;
				CLANG_WARN_INT_CONVERSION = YES;
				CLANG_WARN_NON_LITERAL_NULL_CONVERSION = YES;
				CLANG_WARN_OBJC_IMPLICIT_RETAIN_SELF = YES;
				CLANG_WARN_OBJC_LITERAL_CONVERSION = YES;
				CLANG_WARN_OBJC_ROOT_CLASS = YES_ERROR;
				CLANG_WARN_QUOTED_INCLUDE_IN_FRAMEWORK_HEADER = YES;
				CLANG_WARN_RANGE_LOOP_ANALYSIS = YES;
				CLANG_WARN_STRICT_PROTOTYPES = YES;
				CLANG_WARN_SUSPICIOUS_MOVE = YES;
				CLANG_WARN_UNGUARDED_AVAILABILITY = YES_AGGRESSIVE;
				CLANG_WARN_UNREACHABLE_CODE = YES;
				CLANG_WARN__DUPLICATE_METHOD_MATCH = YES;
				COPY_PHASE_STRIP = NO;
				DEBUG_INFORMATION_FORMAT = dwarf;
				ENABLE_STRICT_OBJC_MSGSEND = YES;
				ENABLE_TESTABILITY = YES;
				GCC_C_LANGUAGE_STANDARD = gnu11;
				GCC_DYNAMIC_NO_PIC = NO;
				GCC_NO_COMMON_BLOCKS = YES;
				GCC_OPTIMIZATION_LEVEL = 0;
				GCC_PREPROCESSOR_DEFINITIONS = (
					"DEBUG=1",
					"$(inherited)",
				);
				GCC_WARN_64_TO_32_BIT_CONVERSION = YES;
				GCC_WARN_ABOUT_RETURN_TYPE = YES_ERROR;
				GCC_WARN_UNDECLARED_SELECTOR = YES;
				GCC_WARN_UNINITIALIZED_AUTOS = YES_AGGRESSIVE;
				GCC_WARN_UNUSED_FUNCTION = YES;
				GCC_WARN_UNUSED_VARIABLE = YES;
				IPHONEOS_DEPLOYMENT_TARGET = 14.5;
				MTL_ENABLE_DEBUG_INFO = INCLUDE_SOURCE;
				MTL_FAST_MATH = YES;
				ONLY_ACTIVE_ARCH = YES;
				SDKROOT = iphoneos;
				SWIFT_ACTIVE_COMPILATION_CONDITIONS = DEBUG;
				SWIFT_OPTIMIZATION_LEVEL = "-Onone";
			};
			name = Debug;
		};
		5D7A3BAB26BF6EF400B6A98E /* Release */ = {
			isa = XCBuildConfiguration;
			buildSettings = {
				ALWAYS_SEARCH_USER_PATHS = NO;
				CLANG_ANALYZER_NONNULL = YES;
				CLANG_ANALYZER_NUMBER_OBJECT_CONVERSION = YES_AGGRESSIVE;
				CLANG_CXX_LANGUAGE_STANDARD = "gnu++14";
				CLANG_CXX_LIBRARY = "libc++";
				CLANG_ENABLE_MODULES = YES;
				CLANG_ENABLE_OBJC_ARC = YES;
				CLANG_ENABLE_OBJC_WEAK = YES;
				CLANG_WARN_BLOCK_CAPTURE_AUTORELEASING = YES;
				CLANG_WARN_BOOL_CONVERSION = YES;
				CLANG_WARN_COMMA = YES;
				CLANG_WARN_CONSTANT_CONVERSION = YES;
				CLANG_WARN_DEPRECATED_OBJC_IMPLEMENTATIONS = YES;
				CLANG_WARN_DIRECT_OBJC_ISA_USAGE = YES_ERROR;
				CLANG_WARN_DOCUMENTATION_COMMENTS = YES;
				CLANG_WARN_EMPTY_BODY = YES;
				CLANG_WARN_ENUM_CONVERSION = YES;
				CLANG_WARN_INFINITE_RECURSION = YES;
				CLANG_WARN_INT_CONVERSION = YES;
				CLANG_WARN_NON_LITERAL_NULL_CONVERSION = YES;
				CLANG_WARN_OBJC_IMPLICIT_RETAIN_SELF = YES;
				CLANG_WARN_OBJC_LITERAL_CONVERSION = YES;
				CLANG_WARN_OBJC_ROOT_CLASS = YES_ERROR;
				CLANG_WARN_QUOTED_INCLUDE_IN_FRAMEWORK_HEADER = YES;
				CLANG_WARN_RANGE_LOOP_ANALYSIS = YES;
				CLANG_WARN_STRICT_PROTOTYPES = YES;
				CLANG_WARN_SUSPICIOUS_MOVE = YES;
				CLANG_WARN_UNGUARDED_AVAILABILITY = YES_AGGRESSIVE;
				CLANG_WARN_UNREACHABLE_CODE = YES;
				CLANG_WARN__DUPLICATE_METHOD_MATCH = YES;
				COPY_PHASE_STRIP = NO;
				DEBUG_INFORMATION_FORMAT = "dwarf-with-dsym";
				ENABLE_NS_ASSERTIONS = NO;
				ENABLE_STRICT_OBJC_MSGSEND = YES;
				GCC_C_LANGUAGE_STANDARD = gnu11;
				GCC_NO_COMMON_BLOCKS = YES;
				GCC_WARN_64_TO_32_BIT_CONVERSION = YES;
				GCC_WARN_ABOUT_RETURN_TYPE = YES_ERROR;
				GCC_WARN_UNDECLARED_SELECTOR = YES;
				GCC_WARN_UNINITIALIZED_AUTOS = YES_AGGRESSIVE;
				GCC_WARN_UNUSED_FUNCTION = YES;
				GCC_WARN_UNUSED_VARIABLE = YES;
				IPHONEOS_DEPLOYMENT_TARGET = 14.5;
				MTL_ENABLE_DEBUG_INFO = NO;
				MTL_FAST_MATH = YES;
				SDKROOT = iphoneos;
				SWIFT_COMPILATION_MODE = wholemodule;
				SWIFT_OPTIMIZATION_LEVEL = "-O";
				VALIDATE_PRODUCT = YES;
			};
			name = Release;
		};
		5D7A3BAD26BF6EF400B6A98E /* Debug */ = {
			isa = XCBuildConfiguration;
			baseConfigurationReference = 576B64FF3AF96F7FB0F28FC3 /* Pods-FoodDeliveryApp.debug.xcconfig */;
			buildSettings = {
				ASSETCATALOG_COMPILER_APPICON_NAME = AppIcon;
				ASSETCATALOG_COMPILER_GLOBAL_ACCENT_COLOR_NAME = AccentColor;
				CODE_SIGN_STYLE = Automatic;
				DEVELOPMENT_TEAM = 25S3FS6DPB;
				INFOPLIST_FILE = FoodDeliveryApp/Info.plist;
				LD_RUNPATH_SEARCH_PATHS = (
					"$(inherited)",
					"@executable_path/Frameworks",
				);
				PRODUCT_BUNDLE_IDENTIFIER = com.prakash.development.FoodDeliveryApp;
				PRODUCT_NAME = "$(TARGET_NAME)";
				SWIFT_VERSION = 5.0;
				TARGETED_DEVICE_FAMILY = "1,2";
			};
			name = Debug;
		};
		5D7A3BAE26BF6EF400B6A98E /* Release */ = {
			isa = XCBuildConfiguration;
			baseConfigurationReference = 9ACBCB145092487FB37E05FE /* Pods-FoodDeliveryApp.release.xcconfig */;
			buildSettings = {
				ASSETCATALOG_COMPILER_APPICON_NAME = AppIcon;
				ASSETCATALOG_COMPILER_GLOBAL_ACCENT_COLOR_NAME = AccentColor;
				CODE_SIGN_STYLE = Automatic;
				DEVELOPMENT_TEAM = 25S3FS6DPB;
				INFOPLIST_FILE = FoodDeliveryApp/Info.plist;
				LD_RUNPATH_SEARCH_PATHS = (
					"$(inherited)",
					"@executable_path/Frameworks",
				);
				PRODUCT_BUNDLE_IDENTIFIER = com.prakash.development.FoodDeliveryApp;
				PRODUCT_NAME = "$(TARGET_NAME)";
				SWIFT_VERSION = 5.0;
				TARGETED_DEVICE_FAMILY = "1,2";
			};
			name = Release;
		};
		5D7A3BB026BF6EF400B6A98E /* Debug */ = {
			isa = XCBuildConfiguration;
			baseConfigurationReference = FFC1F8D349F12A998280CDFA /* Pods-FoodDeliveryAppTests.debug.xcconfig */;
			buildSettings = {
				ALWAYS_EMBED_SWIFT_STANDARD_LIBRARIES = YES;
				BUNDLE_LOADER = "$(TEST_HOST)";
				CODE_SIGN_STYLE = Automatic;
				DEVELOPMENT_TEAM = 25S3FS6DPB;
				INFOPLIST_FILE = FoodDeliveryAppTests/Info.plist;
				IPHONEOS_DEPLOYMENT_TARGET = 14.5;
				LD_RUNPATH_SEARCH_PATHS = (
					"$(inherited)",
					"@executable_path/Frameworks",
					"@loader_path/Frameworks",
				);
				PRODUCT_BUNDLE_IDENTIFIER = com.prakash.development.FoodDeliveryAppTests;
				PRODUCT_NAME = "$(TARGET_NAME)";
				SWIFT_VERSION = 5.0;
				TARGETED_DEVICE_FAMILY = "1,2";
				TEST_HOST = "$(BUILT_PRODUCTS_DIR)/FoodDeliveryApp.app/FoodDeliveryApp";
			};
			name = Debug;
		};
		5D7A3BB126BF6EF400B6A98E /* Release */ = {
			isa = XCBuildConfiguration;
			baseConfigurationReference = 3292B744025C3E1FB402E641 /* Pods-FoodDeliveryAppTests.release.xcconfig */;
			buildSettings = {
				ALWAYS_EMBED_SWIFT_STANDARD_LIBRARIES = YES;
				BUNDLE_LOADER = "$(TEST_HOST)";
				CODE_SIGN_STYLE = Automatic;
				DEVELOPMENT_TEAM = 25S3FS6DPB;
				INFOPLIST_FILE = FoodDeliveryAppTests/Info.plist;
				IPHONEOS_DEPLOYMENT_TARGET = 14.5;
				LD_RUNPATH_SEARCH_PATHS = (
					"$(inherited)",
					"@executable_path/Frameworks",
					"@loader_path/Frameworks",
				);
				PRODUCT_BUNDLE_IDENTIFIER = com.prakash.development.FoodDeliveryAppTests;
				PRODUCT_NAME = "$(TARGET_NAME)";
				SWIFT_VERSION = 5.0;
				TARGETED_DEVICE_FAMILY = "1,2";
				TEST_HOST = "$(BUILT_PRODUCTS_DIR)/FoodDeliveryApp.app/FoodDeliveryApp";
			};
			name = Release;
		};
		5D7A3BB326BF6EF400B6A98E /* Debug */ = {
			isa = XCBuildConfiguration;
			baseConfigurationReference = FF4E4B0E8354108819C83CED /* Pods-FoodDeliveryApp-FoodDeliveryAppUITests.debug.xcconfig */;
			buildSettings = {
				ALWAYS_EMBED_SWIFT_STANDARD_LIBRARIES = YES;
				CODE_SIGN_STYLE = Automatic;
				DEVELOPMENT_TEAM = 25S3FS6DPB;
				INFOPLIST_FILE = FoodDeliveryAppUITests/Info.plist;
				LD_RUNPATH_SEARCH_PATHS = (
					"$(inherited)",
					"@executable_path/Frameworks",
					"@loader_path/Frameworks",
				);
				PRODUCT_BUNDLE_IDENTIFIER = com.prakash.development.FoodDeliveryAppUITests;
				PRODUCT_NAME = "$(TARGET_NAME)";
				SWIFT_VERSION = 5.0;
				TARGETED_DEVICE_FAMILY = "1,2";
				TEST_TARGET_NAME = FoodDeliveryApp;
			};
			name = Debug;
		};
		5D7A3BB426BF6EF400B6A98E /* Release */ = {
			isa = XCBuildConfiguration;
			baseConfigurationReference = A71A1B66AF92AA4EA1852540 /* Pods-FoodDeliveryApp-FoodDeliveryAppUITests.release.xcconfig */;
			buildSettings = {
				ALWAYS_EMBED_SWIFT_STANDARD_LIBRARIES = YES;
				CODE_SIGN_STYLE = Automatic;
				DEVELOPMENT_TEAM = 25S3FS6DPB;
				INFOPLIST_FILE = FoodDeliveryAppUITests/Info.plist;
				LD_RUNPATH_SEARCH_PATHS = (
					"$(inherited)",
					"@executable_path/Frameworks",
					"@loader_path/Frameworks",
				);
				PRODUCT_BUNDLE_IDENTIFIER = com.prakash.development.FoodDeliveryAppUITests;
				PRODUCT_NAME = "$(TARGET_NAME)";
				SWIFT_VERSION = 5.0;
				TARGETED_DEVICE_FAMILY = "1,2";
				TEST_TARGET_NAME = FoodDeliveryApp;
			};
			name = Release;
		};
/* End XCBuildConfiguration section */

/* Begin XCConfigurationList section */
		5D7A3B7D26BF6EF300B6A98E /* Build configuration list for PBXProject "FoodDeliveryApp" */ = {
			isa = XCConfigurationList;
			buildConfigurations = (
				5D7A3BAA26BF6EF400B6A98E /* Debug */,
				5D7A3BAB26BF6EF400B6A98E /* Release */,
			);
			defaultConfigurationIsVisible = 0;
			defaultConfigurationName = Release;
		};
		5D7A3BAC26BF6EF400B6A98E /* Build configuration list for PBXNativeTarget "FoodDeliveryApp" */ = {
			isa = XCConfigurationList;
			buildConfigurations = (
				5D7A3BAD26BF6EF400B6A98E /* Debug */,
				5D7A3BAE26BF6EF400B6A98E /* Release */,
			);
			defaultConfigurationIsVisible = 0;
			defaultConfigurationName = Release;
		};
		5D7A3BAF26BF6EF400B6A98E /* Build configuration list for PBXNativeTarget "FoodDeliveryAppTests" */ = {
			isa = XCConfigurationList;
			buildConfigurations = (
				5D7A3BB026BF6EF400B6A98E /* Debug */,
				5D7A3BB126BF6EF400B6A98E /* Release */,
			);
			defaultConfigurationIsVisible = 0;
			defaultConfigurationName = Release;
		};
		5D7A3BB226BF6EF400B6A98E /* Build configuration list for PBXNativeTarget "FoodDeliveryAppUITests" */ = {
			isa = XCConfigurationList;
			buildConfigurations = (
				5D7A3BB326BF6EF400B6A98E /* Debug */,
				5D7A3BB426BF6EF400B6A98E /* Release */,
			);
			defaultConfigurationIsVisible = 0;
			defaultConfigurationName = Release;
		};
/* End XCConfigurationList section */
	};
	rootObject = 5D7A3B7A26BF6EF300B6A98E /* Project object */;
}
